
Microsoft Visual Studio Solution File, Format Version 12.00
# Visual Studio Version 16
VisualStudioVersion = 16.0.29306.81
MinimumVisualStudioVersion = 10.0.40219.1
Project("{8BC9CEB8-8B4A-11D0-8D11-00A0C91BC942}") = "MathFuncsLib", "MathFuncsLib.vcxproj", "{1589485C-7405-41ED-9D22-E4ADC9787A5F}"
EndProject
Project("{8BC9CEB8-8B4A-11D0-8D11-00A0C91BC942}") = "MyExecRefsLib", "..\MyExecRefsLib\MyExecRefsLib.vcxproj", "{CC90E9D2-FEB2-4BDE-BE29-0F20C1F2ED34}"
EndProject
Global
	GlobalSection(SolutionConfigurationPlatforms) = preSolution
		Debug|x64 = Debug|x64
		Debug|x86 = Debug|x86
		Release|x64 = Release|x64
		Release|x86 = Release|x86
	EndGlobalSection
	GlobalSection(ProjectConfigurationPlatforms) = postSolution
		{1589485C-7405-41ED-9D22-E4ADC9787A5F}.Debug|x64.ActiveCfg = Debug|x64
		{1589485C-7405-41ED-9D22-E4ADC9787A5F}.Debug|x64.Build.0 = Debug|x64
		{1589485C-7405-41ED-9D22-E4ADC9787A5F}.Debug|x86.ActiveCfg = Debug|Win32
		{1589485C-7405-41ED-9D22-E4ADC9787A5F}.Debug|x86.Build.0 = Debug|Win32
		{1589485C-7405-41ED-9D22-E4ADC9787A5F}.Release|x64.ActiveCfg = Release|x64
		{1589485C-7405-41ED-9D22-E4ADC9787A5F}.Release|x64.Build.0 = Release|x64
		{1589485C-7405-41ED-9D22-E4ADC9787A5F}.Release|x86.ActiveCfg = Release|Win32
		{1589485C-7405-41ED-9D22-E4ADC9787A5F}.Release|x86.Build.0 = Release|Win32
		{CC90E9D2-FEB2-4BDE-BE29-0F20C1F2ED34}.Debug|x64.ActiveCfg = Debug|x64
		{CC90E9D2-FEB2-4BDE-BE29-0F20C1F2ED34}.Debug|x64.Build.0 = Debug|x64
		{CC90E9D2-FEB2-4BDE-BE29-0F20C1F2ED34}.Debug|x86.ActiveCfg = Debug|Win32
		{CC90E9D2-FEB2-4BDE-BE29-0F20C1F2ED34}.Debug|x86.Build.0 = Debug|Win32
		{CC90E9D2-FEB2-4BDE-BE29-0F20C1F2ED34}.Release|x64.ActiveCfg = Release|x64
		{CC90E9D2-FEB2-4BDE-BE29-0F20C1F2ED34}.Release|x64.Build.0 = Release|x64
		{CC90E9D2-FEB2-4BDE-BE29-0F20C1F2ED34}.Release|x86.ActiveCfg = Release|Win32
		{CC90E9D2-FEB2-4BDE-BE29-0F20C1F2ED34}.Release|x86.Build.0 = Release|Win32
	EndGlobalSection
	GlobalSection(SolutionProperties) = preSolution
		HideSolutionNode = FALSE
	EndGlobalSection
	GlobalSection(ExtensibilityGlobals) = postSolution
		SolutionGuid = {E97CC417-7A7C-4A42-8FC4-CAAFBCC39E64}
	EndGlobalSection
EndGlobal
